PODS:
  - cdebug (0.1.1)
  - FoundationExtension (1.1.0):
    - cdebug (~> 0.1)
    - FoundationExtension/AddressBookExtension (= 1.1.0)
    - FoundationExtension/CocoaExtension (= 1.1.0)
    - FoundationExtension/FoundationExtension (= 1.1.0)
    - FoundationExtension/UIKitExtension (= 1.1.0)
  - FoundationExtension/CocoaExtension (1.1.0):
    - cdebug (~> 0.1)
    - FoundationExtension/FoundationExtension
  - FoundationExtension/FoundationExtension (1.1.0):
    - cdebug (~> 0.1)
  - FoundationExtension/UIKitExtension (1.1.0):
    - cdebug (~> 0.1)
    - FoundationExtension/FoundationExtension
  - libintl-alternative (0.1.2)

DEPENDENCIES:
  - FoundationExtension
  - FoundationExtension/UIKitExtension
  - libintl-alternative

SPEC REPOS:
  trunk:
    - cdebug
    - FoundationExtension
    - libintl-alternative

SPEC CHECKSUMS:
  cdebug: 32bf88e54d22ad187b23122872b3977e5d0c1bde
  FoundationExtension: 3302784f5ca1d5b23037b3fe1e2d2022b0aad028
  libintl-alternative: 70509053e902d865e05c4aae3ab52ef289a822c3

PODFILE CHECKSUM: f7ade0de21c326fce198584cb14d765606382747

COCOAPODS: 1.16.2
